github.com/akmadian/gospan v0.1.0 h1:Hk2Xshoa2nsFX29xeABTXLAyhauQjTuurTiX8S0zZ2Q=
github.com/akmadian/gospan v0.1.0/go.mod h1:XiC9tqql4QzBywxUBw8SNPmaeENqqLerL2/5ZlSY/bY=
github.com/google/uuid v1.6.0 h1:NIvaJDMOsjHA8n1jAhLSgzrAzy1Hgr+hNrb57e+94F0=
github.com/google/uuid v1.6.0/go.mod h1:TIyPZe4MgqvfeYDBFedMoGGpEw/LqOeaOT+nhxU+yHo=
